
Microsoft Visual Studio Solution File, Format Version 12.00
# Visual Studio 14
VisualStudioVersion = 14.0.25420.1
MinimumVisualStudioVersion = 10.0.40219.1
Project("{FAE04EC0-301F-11D3-BF4B-00C04F79EFBC}") = "WindowsFormsConvert", "WindowsFormsConvert\WindowsFormsConvert.csproj", "{7C3AB9A1-6056-44A4-8AC2-FDE4BA062086}"
EndProject
Project("{FAE04EC0-301F-11D3-BF4B-00C04F79EFBC}") = "ClassLibrary1", "ClassLibrary1\ClassLibrary1.csproj", "{63D98966-52BB-4ED7-9C31-074F15DEA94D}"
EndProject
Global
	GlobalSection(SolutionConfigurationPlatforms) = preSolution
		Debug|Any CPU = Debug|Any CPU
		Release|Any CPU = Release|Any CPU
	EndGlobalSection
	GlobalSection(ProjectConfigurationPlatforms) = postSolution
		{7C3AB9A1-6056-44A4-8AC2-FDE4BA062086}.Debug|Any CPU.ActiveCfg = Debug|Any CPU
		{7C3AB9A1-6056-44A4-8AC2-FDE4BA062086}.Debug|Any CPU.Build.0 = Debug|Any CPU
		{7C3AB9A1-6056-44A4-8AC2-FDE4BA062086}.Release|Any CPU.ActiveCfg = Release|Any CPU
		{7C3AB9A1-6056-44A4-8AC2-FDE4BA062086}.Release|Any CPU.Build.0 = Release|Any CPU
		{63D98966-52BB-4ED7-9C31-074F15DEA94D}.Debug|Any CPU.ActiveCfg = Debug|Any CPU
		{63D98966-52BB-4ED7-9C31-074F15DEA94D}.Debug|Any CPU.Build.0 = Debug|Any CPU
		{63D98966-52BB-4ED7-9C31-074F15DEA94D}.Release|Any CPU.ActiveCfg = Release|Any CPU
		{63D98966-52BB-4ED7-9C31-074F15DEA94D}.Release|Any CPU.Build.0 = Release|Any CPU
	EndGlobalSection
	GlobalSection(SolutionProperties) = preSolution
		HideSolutionNode = FALSE
	EndGlobalSection
EndGlobal
